{
  "version": 4,
  "terraform_version": "1.6.4",
  "serial": 13,
  "lineage": "3ae77e8b-a248-8006-c632-b1203513b6aa",
  "outputs": {
    "external_ip_address_vm_1": {
      "value": "84.252.128.131",
      "type": "string"
    },
    "internal_ip_address_vm_1": {
      "value": "192.168.10.23",
      "type": "string"
    }
  },
  "resources": [
    {
      "mode": "managed",
      "type": "yandex_compute_instance",
      "name": "vm-1",
      "provider": "provider[\"registry.terraform.io/yandex-cloud/yandex\"]",
      "instances": [
        {
          "schema_version": 1,
          "attributes": {
            "allow_recreate": null,
            "allow_stopping_for_update": null,
            "boot_disk": [
              {
                "auto_delete": true,
                "device_name": "fhm2q8i88jjhfbb3gtst",
                "disk_id": "fhm2q8i88jjhfbb3gtst",
                "initialize_params": [
                  {
                    "block_size": 4096,
                    "description": "",
                    "image_id": "fd83u9thmahrv9lgedrk",
                    "name": "",
                    "size": 3,
                    "snapshot_id": "",
                    "type": "network-hdd"
                  }
                ],
                "mode": "READ_WRITE"
              }
            ],
            "created_at": "2023-11-28T05:53:47Z",
            "description": "",
            "filesystem": [],
            "folder_id": "b1g43aq7nnnac7rsogvm",
            "fqdn": "fhmdnhg6mncktmglv0qo.auto.internal",
            "gpu_cluster_id": "",
            "hostname": "",
            "id": "fhmdnhg6mncktmglv0qo",
            "labels": null,
            "local_disk": [],
            "metadata": {
              "ssh-keys": "ubuntu:ssh-rsa AAAAB3NzaC1yc2EAAAADAQABAAABgQCkL9jpjjlpZOb1JTe3HZVcS5mmfRgM3hzjTh2BedmAOoMWT+P1pVloBqP7CooMLaVwre93w76hQ88ptO/VEB9VRYW0lhGkvWguv60X8QeHK4s8x+6Xbrj1zysv+Jnyanx0RdO68tRbjEytpOhUTjxvwiy50x+uL0h6VC79/B0utGA45G/8zBEQ+hck95aSeuzMHbkoFgXoB2esKDROOYEDbT6Gz8kCWfXLAuhExhznUQzCW29yNoDtgUHtebjI+k8OjUxsMPG89/J9L5/crsZ0g0bJ3kROktnU2v1DVjt0XoJ0v8/bOXeL8vW2Zl1oZY/tjZithoonCkA/5tiHJioV3eUpSXLadGuWvWhxt1VjYp4VZw25non02CvwTbSBgatFRMh3SSS8I03Js7AFdkXfySoVe5pzXSWeowFUZF5yFc7WkIsQ9ASipCFdUExqAUwWnADnrNOp69VkuHd/Rf+EWhGV9CdK0GBFfWXy1nvVmA7pLxG/nPVBZkJvV/+J2nU= root@serv\n"
            },
            "metadata_options": [
              {
                "aws_v1_http_endpoint": 1,
                "aws_v1_http_token": 2,
                "gce_http_endpoint": 1,
                "gce_http_token": 1
              }
            ],
            "name": "terraform1",
            "network_acceleration_type": "standard",
            "network_interface": [
              {
                "dns_record": [],
                "index": 0,
                "ip_address": "192.168.10.23",
                "ipv4": true,
                "ipv6": false,
                "ipv6_address": "",
                "ipv6_dns_record": [],
                "mac_address": "d0:0d:db:c6:06:b5",
                "nat": true,
                "nat_dns_record": [],
                "nat_ip_address": "84.252.128.131",
                "nat_ip_version": "IPV4",
                "security_group_ids": [],
                "subnet_id": "e9bvmklm31cdlkr8t2bu"
              }
            ],
            "placement_policy": [
              {
                "host_affinity_rules": [],
                "placement_group_id": ""
              }
            ],
            "platform_id": "standard-v1",
            "resources": [
              {
                "core_fraction": 100,
                "cores": 2,
                "gpus": 0,
                "memory": 2
              }
            ],
            "scheduling_policy": [
              {
                "preemptible": false
              }
            ],
            "secondary_disk": [],
            "service_account_id": "",
            "status": "running",
            "timeouts": null,
            "zone": "ru-central1-a"
          },
          "sensitive_attributes": [],
          "private": "eyJlMmJmYjczMC1lY2FhLTExZTYtOGY4OC0zNDM2M2JjN2M0YzAiOnsiY3JlYXRlIjozMDAwMDAwMDAwMDAsImRlbGV0ZSI6MzAwMDAwMDAwMDAwLCJ1cGRhdGUiOjMwMDAwMDAwMDAwMH0sInNjaGVtYV92ZXJzaW9uIjoiMSJ9",
          "dependencies": [
            "yandex_vpc_network.network-1",
            "yandex_vpc_subnet.subnet-1"
          ]
        }
      ]
    },
    {
      "mode": "managed",
      "type": "yandex_vpc_address",
      "name": "external-ipaddress",
      "provider": "provider[\"registry.terraform.io/yandex-cloud/yandex\"]",
      "instances": [
        {
          "schema_version": 0,
          "attributes": {
            "created_at": "2023-11-28T05:53:42Z",
            "deletion_protection": false,
            "description": "",
            "external_ipv4_address": [
              {
                "address": "62.84.126.166",
                "ddos_protection_provider": "",
                "outgoing_smtp_capability": "",
                "zone_id": "ru-central1-a"
              }
            ],
            "folder_id": "b1g43aq7nnnac7rsogvm",
            "id": "e9bohkcsn8jevp635c45",
            "labels": {},
            "name": "external-ipaddress",
            "reserved": true,
            "timeouts": null,
            "used": false
          },
          "sensitive_attributes": [],
          "private": "eyJlMmJmYjczMC1lY2FhLTExZTYtOGY4OC0zNDM2M2JjN2M0YzAiOnsiY3JlYXRlIjozMDAwMDAwMDAwMCwiZGVsZXRlIjozMDAwMDAwMDAwMCwidXBkYXRlIjozMDAwMDAwMDAwMH19"
        }
      ]
    },
    {
      "mode": "managed",
      "type": "yandex_vpc_network",
      "name": "network-1",
      "provider": "provider[\"registry.terraform.io/yandex-cloud/yandex\"]",
      "instances": [
        {
          "schema_version": 0,
          "attributes": {
            "created_at": "2023-11-28T05:53:42Z",
            "default_security_group_id": "enpd1uod8hnh8857et8h",
            "description": "",
            "folder_id": "b1g43aq7nnnac7rsogvm",
            "id": "enpf0659m7rv0j2o6alu",
            "labels": {},
            "name": "network-1",
            "subnet_ids": [],
            "timeouts": null
          },
          "sensitive_attributes": [],
          "private": "eyJlMmJmYjczMC1lY2FhLTExZTYtOGY4OC0zNDM2M2JjN2M0YzAiOnsiY3JlYXRlIjo2MDAwMDAwMDAwMCwiZGVsZXRlIjo2MDAwMDAwMDAwMCwidXBkYXRlIjo2MDAwMDAwMDAwMH19"
        }
      ]
    },
    {
      "mode": "managed",
      "type": "yandex_vpc_subnet",
      "name": "subnet-1",
      "provider": "provider[\"registry.terraform.io/yandex-cloud/yandex\"]",
      "instances": [
        {
          "schema_version": 0,
          "attributes": {
            "created_at": "2023-11-28T05:53:45Z",
            "description": "",
            "dhcp_options": [],
            "folder_id": "b1g43aq7nnnac7rsogvm",
            "id": "e9bvmklm31cdlkr8t2bu",
            "labels": {},
            "name": "subnet-1",
            "network_id": "enpf0659m7rv0j2o6alu",
            "route_table_id": "",
            "timeouts": null,
            "v4_cidr_blocks": [
              "192.168.10.0/24"
            ],
            "v6_cidr_blocks": [],
            "zone": "ru-central1-a"
          },
          "sensitive_attributes": [],
          "private": "eyJlMmJmYjczMC1lY2FhLTExZTYtOGY4OC0zNDM2M2JjN2M0YzAiOnsiY3JlYXRlIjoxODAwMDAwMDAwMDAsImRlbGV0ZSI6MTgwMDAwMDAwMDAwLCJ1cGRhdGUiOjE4MDAwMDAwMDAwMH19",
          "dependencies": [
            "yandex_vpc_network.network-1"
          ]
        }
      ]
    }
  ],
  "check_results": null
}
